
Microsoft Visual Studio Solution File, Format Version 12.00
# Visual Studio 15
VisualStudioVersion = 15.0.26114.2
MinimumVisualStudioVersion = 10.0.40219.1
Project("{FAE04EC0-301F-11D3-BF4B-00C04F79EFBC}") = "RedisStackOverflow", "RedisStackOverflow\RedisStackOverflow.csproj", "{9519431C-487D-4F53-88B8-1371635A0C78}"
EndProject
Project("{FAE04EC0-301F-11D3-BF4B-00C04F79EFBC}") = "RedisStackOverflow.ServiceInterface", "RedisStackOverflow.ServiceInterface\RedisStackOverflow.ServiceInterface.csproj", "{FF2B473F-40BB-42EB-966D-B32BEF951D02}"
EndProject
Project("{FAE04EC0-301F-11D3-BF4B-00C04F79EFBC}") = "RedisStackOverflow.ServiceModel", "RedisStackOverflow.ServiceModel\RedisStackOverflow.ServiceModel.csproj", "{BCD1000E-A615-49EB-B6E9-72B2A22BC93A}"
EndProject
Global
	GlobalSection(SolutionConfigurationPlatforms) = preSolution
		Debug|Any CPU = Debug|Any CPU
		Release|Any CPU = Release|Any CPU
	EndGlobalSection
	GlobalSection(ProjectConfigurationPlatforms) = postSolution
		{9519431C-487D-4F53-88B8-1371635A0C78}.Debug|Any CPU.ActiveCfg = Debug|Any CPU
		{9519431C-487D-4F53-88B8-1371635A0C78}.Debug|Any CPU.Build.0 = Debug|Any CPU
		{9519431C-487D-4F53-88B8-1371635A0C78}.Release|Any CPU.ActiveCfg = Release|Any CPU
		{9519431C-487D-4F53-88B8-1371635A0C78}.Release|Any CPU.Build.0 = Release|Any CPU
		{FF2B473F-40BB-42EB-966D-B32BEF951D02}.Debug|Any CPU.ActiveCfg = Debug|Any CPU
		{FF2B473F-40BB-42EB-966D-B32BEF951D02}.Debug|Any CPU.Build.0 = Debug|Any CPU
		{FF2B473F-40BB-42EB-966D-B32BEF951D02}.Release|Any CPU.ActiveCfg = Release|Any CPU
		{FF2B473F-40BB-42EB-966D-B32BEF951D02}.Release|Any CPU.Build.0 = Release|Any CPU
		{BCD1000E-A615-49EB-B6E9-72B2A22BC93A}.Debug|Any CPU.ActiveCfg = Debug|Any CPU
		{BCD1000E-A615-49EB-B6E9-72B2A22BC93A}.Debug|Any CPU.Build.0 = Debug|Any CPU
		{BCD1000E-A615-49EB-B6E9-72B2A22BC93A}.Release|Any CPU.ActiveCfg = Release|Any CPU
		{BCD1000E-A615-49EB-B6E9-72B2A22BC93A}.Release|Any CPU.Build.0 = Release|Any CPU
	EndGlobalSection
	GlobalSection(SolutionProperties) = preSolution
		HideSolutionNode = FALSE
	EndGlobalSection
EndGlobal
